
Microsoft Visual Studio Solution File, Format Version 11.00
# Visual Studio 2010
Project("{FAE04EC0-301F-11D3-BF4B-00C04F79EFBC}") = "ballgame", "Assembly-CSharp.csproj", "{FA13F04D-997B-444C-88DA-69777B1E24CB}"
EndProject
Project("{FAE04EC0-301F-11D3-BF4B-00C04F79EFBC}") = "ballgame", "Assembly-CSharp-firstpass.csproj", "{AC80EC76-69B7-2E2E-B3A2-962E9CC84667}"
EndProject
Project("{FAE04EC0-301F-11D3-BF4B-00C04F79EFBC}") = "ballgame", "Assembly-CSharp-Editor-firstpass.csproj", "{E72065C6-1B19-40A9-0B13-0467941B6D31}"
EndProject
Project("{FAE04EC0-301F-11D3-BF4B-00C04F79EFBC}") = "ballgame", "Assembly-CSharp-Editor.csproj", "{0177B85D-6413-8B96-57FC-DBFA7A9617A8}"
EndProject
Global
	GlobalSection(SolutionConfigurationPlatforms) = preSolution
		Debug|Any CPU = Debug|Any CPU
		Release|Any CPU = Release|Any CPU
	EndGlobalSection
	GlobalSection(ProjectConfigurationPlatforms) = postSolution
		{FA13F04D-997B-444C-88DA-69777B1E24CB}.Debug|Any CPU.ActiveCfg = Debug|Any CPU
		{FA13F04D-997B-444C-88DA-69777B1E24CB}.Debug|Any CPU.Build.0 = Debug|Any CPU
		{FA13F04D-997B-444C-88DA-69777B1E24CB}.Release|Any CPU.ActiveCfg = Release|Any CPU
		{FA13F04D-997B-444C-88DA-69777B1E24CB}.Release|Any CPU.Build.0 = Release|Any CPU
		{AC80EC76-69B7-2E2E-B3A2-962E9CC84667}.Debug|Any CPU.ActiveCfg = Debug|Any CPU
		{AC80EC76-69B7-2E2E-B3A2-962E9CC84667}.Debug|Any CPU.Build.0 = Debug|Any CPU
		{AC80EC76-69B7-2E2E-B3A2-962E9CC84667}.Release|Any CPU.ActiveCfg = Release|Any CPU
		{AC80EC76-69B7-2E2E-B3A2-962E9CC84667}.Release|Any CPU.Build.0 = Release|Any CPU
		{E72065C6-1B19-40A9-0B13-0467941B6D31}.Debug|Any CPU.ActiveCfg = Debug|Any CPU
		{E72065C6-1B19-40A9-0B13-0467941B6D31}.Debug|Any CPU.Build.0 = Debug|Any CPU
		{E72065C6-1B19-40A9-0B13-0467941B6D31}.Release|Any CPU.ActiveCfg = Release|Any CPU
		{E72065C6-1B19-40A9-0B13-0467941B6D31}.Release|Any CPU.Build.0 = Release|Any CPU
		{0177B85D-6413-8B96-57FC-DBFA7A9617A8}.Debug|Any CPU.ActiveCfg = Debug|Any CPU
		{0177B85D-6413-8B96-57FC-DBFA7A9617A8}.Debug|Any CPU.Build.0 = Debug|Any CPU
		{0177B85D-6413-8B96-57FC-DBFA7A9617A8}.Release|Any CPU.ActiveCfg = Release|Any CPU
		{0177B85D-6413-8B96-57FC-DBFA7A9617A8}.Release|Any CPU.Build.0 = Release|Any CPU
	EndGlobalSection
	GlobalSection(SolutionProperties) = preSolution
		HideSolutionNode = FALSE
	EndGlobalSection
	GlobalSection(MonoDevelopProperties) = preSolution
		StartupItem = Assembly-CSharp.csproj
	EndGlobalSection
EndGlobal
