
Microsoft Visual Studio Solution File, Format Version 11.00
# Visual Studio 2010
Project("{FAE04EC0-301F-11D3-BF4B-00C04F79EFBC}") = "ballgame - github - 4-20-18", "Assembly-CSharp.csproj", "{8C840B47-5DE9-D716-25FB-900A995B2B9F}"
EndProject
Project("{FAE04EC0-301F-11D3-BF4B-00C04F79EFBC}") = "ballgame - github - 4-20-18", "Assembly-CSharp-firstpass.csproj", "{90A6B02C-6EE2-F6B3-8B92-49FC8F4245DE}"
EndProject
Project("{FAE04EC0-301F-11D3-BF4B-00C04F79EFBC}") = "ballgame - github - 4-20-18", "Assembly-CSharp-Editor-firstpass.csproj", "{908A12F0-1A4A-2292-0B53-57B71D69B580}"
EndProject
Project("{FAE04EC0-301F-11D3-BF4B-00C04F79EFBC}") = "ballgame - github - 4-20-18", "Assembly-CSharp-Editor.csproj", "{E58163E9-AA0C-27A4-5F2A-06ED20DEC206}"
EndProject
Global
	GlobalSection(SolutionConfigurationPlatforms) = preSolution
		Debug|Any CPU = Debug|Any CPU
		Release|Any CPU = Release|Any CPU
	EndGlobalSection
	GlobalSection(ProjectConfigurationPlatforms) = postSolution
		{8C840B47-5DE9-D716-25FB-900A995B2B9F}.Debug|Any CPU.ActiveCfg = Debug|Any CPU
		{8C840B47-5DE9-D716-25FB-900A995B2B9F}.Debug|Any CPU.Build.0 = Debug|Any CPU
		{8C840B47-5DE9-D716-25FB-900A995B2B9F}.Release|Any CPU.ActiveCfg = Release|Any CPU
		{8C840B47-5DE9-D716-25FB-900A995B2B9F}.Release|Any CPU.Build.0 = Release|Any CPU
		{90A6B02C-6EE2-F6B3-8B92-49FC8F4245DE}.Debug|Any CPU.ActiveCfg = Debug|Any CPU
		{90A6B02C-6EE2-F6B3-8B92-49FC8F4245DE}.Debug|Any CPU.Build.0 = Debug|Any CPU
		{90A6B02C-6EE2-F6B3-8B92-49FC8F4245DE}.Release|Any CPU.ActiveCfg = Release|Any CPU
		{90A6B02C-6EE2-F6B3-8B92-49FC8F4245DE}.Release|Any CPU.Build.0 = Release|Any CPU
		{908A12F0-1A4A-2292-0B53-57B71D69B580}.Debug|Any CPU.ActiveCfg = Debug|Any CPU
		{908A12F0-1A4A-2292-0B53-57B71D69B580}.Debug|Any CPU.Build.0 = Debug|Any CPU
		{908A12F0-1A4A-2292-0B53-57B71D69B580}.Release|Any CPU.ActiveCfg = Release|Any CPU
		{908A12F0-1A4A-2292-0B53-57B71D69B580}.Release|Any CPU.Build.0 = Release|Any CPU
		{E58163E9-AA0C-27A4-5F2A-06ED20DEC206}.Debug|Any CPU.ActiveCfg = Debug|Any CPU
		{E58163E9-AA0C-27A4-5F2A-06ED20DEC206}.Debug|Any CPU.Build.0 = Debug|Any CPU
		{E58163E9-AA0C-27A4-5F2A-06ED20DEC206}.Release|Any CPU.ActiveCfg = Release|Any CPU
		{E58163E9-AA0C-27A4-5F2A-06ED20DEC206}.Release|Any CPU.Build.0 = Release|Any CPU
	EndGlobalSection
	GlobalSection(SolutionProperties) = preSolution
		HideSolutionNode = FALSE
	EndGlobalSection
	GlobalSection(MonoDevelopProperties) = preSolution
		StartupItem = Assembly-CSharp.csproj
	EndGlobalSection
EndGlobal
