
Microsoft Visual Studio Solution File, Format Version 11.00
# Visual Studio 2010
Project("{FAE04EC0-301F-11D3-BF4B-00C04F79EFBC}") = "f9a2dd33ff7eb4cc190b886632a1cdb0", "Assembly-CSharp.csproj", "{5B7190AB-566E-6AB9-56B3-43AD13C660FD}"
EndProject
Project("{FAE04EC0-301F-11D3-BF4B-00C04F79EFBC}") = "f9a2dd33ff7eb4cc190b886632a1cdb0", "Assembly-CSharp-Editor.csproj", "{C6AC2654-634D-90BE-46AC-BBA600725537}"
EndProject
Global
	GlobalSection(SolutionConfigurationPlatforms) = preSolution
		Debug|Any CPU = Debug|Any CPU
		Release|Any CPU = Release|Any CPU
	EndGlobalSection
	GlobalSection(ProjectConfigurationPlatforms) = postSolution
		{5B7190AB-566E-6AB9-56B3-43AD13C660FD}.Debug|Any CPU.ActiveCfg = Debug|Any CPU
		{5B7190AB-566E-6AB9-56B3-43AD13C660FD}.Debug|Any CPU.Build.0 = Debug|Any CPU
		{5B7190AB-566E-6AB9-56B3-43AD13C660FD}.Release|Any CPU.ActiveCfg = Release|Any CPU
		{5B7190AB-566E-6AB9-56B3-43AD13C660FD}.Release|Any CPU.Build.0 = Release|Any CPU
		{C6AC2654-634D-90BE-46AC-BBA600725537}.Debug|Any CPU.ActiveCfg = Debug|Any CPU
		{C6AC2654-634D-90BE-46AC-BBA600725537}.Debug|Any CPU.Build.0 = Debug|Any CPU
		{C6AC2654-634D-90BE-46AC-BBA600725537}.Release|Any CPU.ActiveCfg = Release|Any CPU
		{C6AC2654-634D-90BE-46AC-BBA600725537}.Release|Any CPU.Build.0 = Release|Any CPU
	EndGlobalSection
	GlobalSection(SolutionProperties) = preSolution
		HideSolutionNode = FALSE
	EndGlobalSection
	GlobalSection(MonoDevelopProperties) = preSolution
		StartupItem = Assembly-CSharp.csproj
	EndGlobalSection
EndGlobal
